
Microsoft Visual Studio Solution File, Format Version 12.00
# Visual Studio Version 17
VisualStudioVersion = 17.0.31903.59
MinimumVisualStudioVersion = 10.0.40219.1
Project("{2150E333-8FDC-42A3-9474-1A3956D46DE8}") = "src", "src", "{827E0CD3-B72D-47B6-A68D-7590B98EB39B}"
EndProject
Project("{FAE04EC0-301F-11D3-BF4B-00C04F79EFBC}") = "TaskManager.Domain", "src\TaskManager.Domain\TaskManager.Domain.csproj", "{4C9426C9-B1D1-427A-8D83-D24D2EDBE7E3}"
EndProject
Project("{FAE04EC0-301F-11D3-BF4B-00C04F79EFBC}") = "TaskManager.Application", "src\TaskManager.Application\TaskManager.Application.csproj", "{4CB91FFE-76D5-4EEF-AB30-7079B94FAD56}"
EndProject
Project("{FAE04EC0-301F-11D3-BF4B-00C04F79EFBC}") = "TaskManager.Infrastructure", "src\TaskManager.Infrastructure\TaskManager.Infrastructure.csproj", "{353756EC-752E-4F7A-83AC-A482339925CB}"
EndProject
Project("{FAE04EC0-301F-11D3-BF4B-00C04F79EFBC}") = "TaskManager.API", "src\TaskManager.API\TaskManager.API.csproj", "{C46C703A-AE00-4D88-BB81-653719255E73}"
EndProject
Global
	GlobalSection(SolutionConfigurationPlatforms) = preSolution
		Debug|Any CPU = Debug|Any CPU
		Debug|x64 = Debug|x64
		Debug|x86 = Debug|x86
		Release|Any CPU = Release|Any CPU
		Release|x64 = Release|x64
		Release|x86 = Release|x86
	EndGlobalSection
	GlobalSection(ProjectConfigurationPlatforms) = postSolution
		{4C9426C9-B1D1-427A-8D83-D24D2EDBE7E3}.Debug|Any CPU.ActiveCfg = Debug|Any CPU
		{4C9426C9-B1D1-427A-8D83-D24D2EDBE7E3}.Debug|Any CPU.Build.0 = Debug|Any CPU
		{4C9426C9-B1D1-427A-8D83-D24D2EDBE7E3}.Debug|x64.ActiveCfg = Debug|Any CPU
		{4C9426C9-B1D1-427A-8D83-D24D2EDBE7E3}.Debug|x64.Build.0 = Debug|Any CPU
		{4C9426C9-B1D1-427A-8D83-D24D2EDBE7E3}.Debug|x86.ActiveCfg = Debug|Any CPU
		{4C9426C9-B1D1-427A-8D83-D24D2EDBE7E3}.Debug|x86.Build.0 = Debug|Any CPU
		{4C9426C9-B1D1-427A-8D83-D24D2EDBE7E3}.Release|Any CPU.ActiveCfg = Release|Any CPU
		{4C9426C9-B1D1-427A-8D83-D24D2EDBE7E3}.Release|Any CPU.Build.0 = Release|Any CPU
		{4C9426C9-B1D1-427A-8D83-D24D2EDBE7E3}.Release|x64.ActiveCfg = Release|Any CPU
		{4C9426C9-B1D1-427A-8D83-D24D2EDBE7E3}.Release|x64.Build.0 = Release|Any CPU
		{4C9426C9-B1D1-427A-8D83-D24D2EDBE7E3}.Release|x86.ActiveCfg = Release|Any CPU
		{4C9426C9-B1D1-427A-8D83-D24D2EDBE7E3}.Release|x86.Build.0 = Release|Any CPU
		{4CB91FFE-76D5-4EEF-AB30-7079B94FAD56}.Debug|Any CPU.ActiveCfg = Debug|Any CPU
		{4CB91FFE-76D5-4EEF-AB30-7079B94FAD56}.Debug|Any CPU.Build.0 = Debug|Any CPU
		{4CB91FFE-76D5-4EEF-AB30-7079B94FAD56}.Debug|x64.ActiveCfg = Debug|Any CPU
		{4CB91FFE-76D5-4EEF-AB30-7079B94FAD56}.Debug|x64.Build.0 = Debug|Any CPU
		{4CB91FFE-76D5-4EEF-AB30-7079B94FAD56}.Debug|x86.ActiveCfg = Debug|Any CPU
		{4CB91FFE-76D5-4EEF-AB30-7079B94FAD56}.Debug|x86.Build.0 = Debug|Any CPU
		{4CB91FFE-76D5-4EEF-AB30-7079B94FAD56}.Release|Any CPU.ActiveCfg = Release|Any CPU
		{4CB91FFE-76D5-4EEF-AB30-7079B94FAD56}.Release|Any CPU.Build.0 = Release|Any CPU
		{4CB91FFE-76D5-4EEF-AB30-7079B94FAD56}.Release|x64.ActiveCfg = Release|Any CPU
		{4CB91FFE-76D5-4EEF-AB30-7079B94FAD56}.Release|x64.Build.0 = Release|Any CPU
		{4CB91FFE-76D5-4EEF-AB30-7079B94FAD56}.Release|x86.ActiveCfg = Release|Any CPU
		{4CB91FFE-76D5-4EEF-AB30-7079B94FAD56}.Release|x86.Build.0 = Release|Any CPU
		{353756EC-752E-4F7A-83AC-A482339925CB}.Debug|Any CPU.ActiveCfg = Debug|Any CPU
		{353756EC-752E-4F7A-83AC-A482339925CB}.Debug|Any CPU.Build.0 = Debug|Any CPU
		{353756EC-752E-4F7A-83AC-A482339925CB}.Debug|x64.ActiveCfg = Debug|Any CPU
		{353756EC-752E-4F7A-83AC-A482339925CB}.Debug|x64.Build.0 = Debug|Any CPU
		{353756EC-752E-4F7A-83AC-A482339925CB}.Debug|x86.ActiveCfg = Debug|Any CPU
		{353756EC-752E-4F7A-83AC-A482339925CB}.Debug|x86.Build.0 = Debug|Any CPU
		{353756EC-752E-4F7A-83AC-A482339925CB}.Release|Any CPU.ActiveCfg = Release|Any CPU
		{353756EC-752E-4F7A-83AC-A482339925CB}.Release|Any CPU.Build.0 = Release|Any CPU
		{353756EC-752E-4F7A-83AC-A482339925CB}.Release|x64.ActiveCfg = Release|Any CPU
		{353756EC-752E-4F7A-83AC-A482339925CB}.Release|x64.Build.0 = Release|Any CPU
		{353756EC-752E-4F7A-83AC-A482339925CB}.Release|x86.ActiveCfg = Release|Any CPU
		{353756EC-752E-4F7A-83AC-A482339925CB}.Release|x86.Build.0 = Release|Any CPU
		{C46C703A-AE00-4D88-BB81-653719255E73}.Debug|Any CPU.ActiveCfg = Debug|Any CPU
		{C46C703A-AE00-4D88-BB81-653719255E73}.Debug|Any CPU.Build.0 = Debug|Any CPU
		{C46C703A-AE00-4D88-BB81-653719255E73}.Debug|x64.ActiveCfg = Debug|Any CPU
		{C46C703A-AE00-4D88-BB81-653719255E73}.Debug|x64.Build.0 = Debug|Any CPU
		{C46C703A-AE00-4D88-BB81-653719255E73}.Debug|x86.ActiveCfg = Debug|Any CPU
		{C46C703A-AE00-4D88-BB81-653719255E73}.Debug|x86.Build.0 = Debug|Any CPU
		{C46C703A-AE00-4D88-BB81-653719255E73}.Release|Any CPU.ActiveCfg = Release|Any CPU
		{C46C703A-AE00-4D88-BB81-653719255E73}.Release|Any CPU.Build.0 = Release|Any CPU
		{C46C703A-AE00-4D88-BB81-653719255E73}.Release|x64.ActiveCfg = Release|Any CPU
		{C46C703A-AE00-4D88-BB81-653719255E73}.Release|x64.Build.0 = Release|Any CPU
		{C46C703A-AE00-4D88-BB81-653719255E73}.Release|x86.ActiveCfg = Release|Any CPU
		{C46C703A-AE00-4D88-BB81-653719255E73}.Release|x86.Build.0 = Release|Any CPU
	EndGlobalSection
	GlobalSection(SolutionProperties) = preSolution
		HideSolutionNode = FALSE
	EndGlobalSection
	GlobalSection(NestedProjects) = preSolution
		{4C9426C9-B1D1-427A-8D83-D24D2EDBE7E3} = {827E0CD3-B72D-47B6-A68D-7590B98EB39B}
		{4CB91FFE-76D5-4EEF-AB30-7079B94FAD56} = {827E0CD3-B72D-47B6-A68D-7590B98EB39B}
		{353756EC-752E-4F7A-83AC-A482339925CB} = {827E0CD3-B72D-47B6-A68D-7590B98EB39B}
		{C46C703A-AE00-4D88-BB81-653719255E73} = {827E0CD3-B72D-47B6-A68D-7590B98EB39B}
	EndGlobalSection
EndGlobal
